
Microsoft Visual Studio Solution File, Format Version 12.00
# Visual Studio Version 17
VisualStudioVersion = 17.14.36603.0 d17.14
MinimumVisualStudioVersion = 10.0.40219.1
Project("{FAE04EC0-301F-11D3-BF4B-00C04F79EFBC}") = "WinFormsApp1", "WinFormsApp1.csproj", "{EF666516-CED3-4BE4-85CB-1B00481F684D}"
EndProject
Global
	GlobalSection(SolutionConfigurationPlatforms) = preSolution
		Debug|Any CPU = Debug|Any CPU
		Release|Any CPU = Release|Any CPU
	EndGlobalSection
	GlobalSection(ProjectConfigurationPlatforms) = postSolution
		{EF666516-CED3-4BE4-85CB-1B00481F684D}.Debug|Any CPU.ActiveCfg = Debug|Any CPU
		{EF666516-CED3-4BE4-85CB-1B00481F684D}.Debug|Any CPU.Build.0 = Debug|Any CPU
		{EF666516-CED3-4BE4-85CB-1B00481F684D}.Release|Any CPU.ActiveCfg = Release|Any CPU
		{EF666516-CED3-4BE4-85CB-1B00481F684D}.Release|Any CPU.Build.0 = Release|Any CPU
	EndGlobalSection
	GlobalSection(SolutionProperties) = preSolution
		HideSolutionNode = FALSE
	EndGlobalSection
	GlobalSection(ExtensibilityGlobals) = postSolution
		SolutionGuid = {1F3271AC-199D-4CB3-A0D9-E5981CB226B2}
	EndGlobalSection
EndGlobal
